
Microsoft Visual Studio Solution File, Format Version 12.00
# Visual Studio Version 16
VisualStudioVersion = 16.0.31321.278
MinimumVisualStudioVersion = 10.0.40219.1
Project("{FAE04EC0-301F-11D3-BF4B-00C04F79EFBC}") = "IntervalTimer", "IntervalTimer\IntervalTimer.csproj", "{AE27833D-C8B5-498E-A168-47F58F2A347E}"
EndProject
Global
	GlobalSection(SolutionConfigurationPlatforms) = preSolution
		Debug|Any CPU = Debug|Any CPU
		Release|Any CPU = Release|Any CPU
	EndGlobalSection
	GlobalSection(ProjectConfigurationPlatforms) = postSolution
		{AE27833D-C8B5-498E-A168-47F58F2A347E}.Debug|Any CPU.ActiveCfg = Debug|Any CPU
		{AE27833D-C8B5-498E-A168-47F58F2A347E}.Debug|Any CPU.Build.0 = Debug|Any CPU
		{AE27833D-C8B5-498E-A168-47F58F2A347E}.Release|Any CPU.ActiveCfg = Release|Any CPU
		{AE27833D-C8B5-498E-A168-47F58F2A347E}.Release|Any CPU.Build.0 = Release|Any CPU
	EndGlobalSection
	GlobalSection(SolutionProperties) = preSolution
		HideSolutionNode = FALSE
	EndGlobalSection
	GlobalSection(ExtensibilityGlobals) = postSolution
		SolutionGuid = {B95FE40F-9091-4480-BD21-47461F91D177}
	EndGlobalSection
EndGlobal
